
Microsoft Visual Studio Solution File, Format Version 12.00
# Visual Studio Version 16
VisualStudioVersion = 16.0.32106.194
MinimumVisualStudioVersion = 10.0.40219.1
Project("{8BC9CEB8-8B4A-11D0-8D11-00A0C91BC942}") = "ProjectParent", "ProjectParent\ProjectParent.vcxproj", "{54647B52-3ACF-4FF8-A87F-BA96EB4787BB}"
EndProject
Project("{8BC9CEB8-8B4A-11D0-8D11-00A0C91BC942}") = "Child1", "Child1\Child1.vcxproj", "{351CD9B5-5760-4847-A2D7-AACE8B8FC326}"
EndProject
Project("{8BC9CEB8-8B4A-11D0-8D11-00A0C91BC942}") = "Child2", "Child2\Child2.vcxproj", "{3907C87D-EB69-4BC4-8758-FDE9C3C6E963}"
EndProject
Project("{8BC9CEB8-8B4A-11D0-8D11-00A0C91BC942}") = "Child3", "Child3\Child3.vcxproj", "{05466E94-9E04-4B05-994C-D25B0B2F3976}"
EndProject
Global
	GlobalSection(SolutionConfigurationPlatforms) = preSolution
		Debug|x64 = Debug|x64
		Debug|x86 = Debug|x86
		Release|x64 = Release|x64
		Release|x86 = Release|x86
	EndGlobalSection
	GlobalSection(ProjectConfigurationPlatforms) = postSolution
		{54647B52-3ACF-4FF8-A87F-BA96EB4787BB}.Debug|x64.ActiveCfg = Debug|x64
		{54647B52-3ACF-4FF8-A87F-BA96EB4787BB}.Debug|x64.Build.0 = Debug|x64
		{54647B52-3ACF-4FF8-A87F-BA96EB4787BB}.Debug|x86.ActiveCfg = Debug|Win32
		{54647B52-3ACF-4FF8-A87F-BA96EB4787BB}.Debug|x86.Build.0 = Debug|Win32
		{54647B52-3ACF-4FF8-A87F-BA96EB4787BB}.Release|x64.ActiveCfg = Release|x64
		{54647B52-3ACF-4FF8-A87F-BA96EB4787BB}.Release|x64.Build.0 = Release|x64
		{54647B52-3ACF-4FF8-A87F-BA96EB4787BB}.Release|x86.ActiveCfg = Release|Win32
		{54647B52-3ACF-4FF8-A87F-BA96EB4787BB}.Release|x86.Build.0 = Release|Win32
		{351CD9B5-5760-4847-A2D7-AACE8B8FC326}.Debug|x64.ActiveCfg = Debug|x64
		{351CD9B5-5760-4847-A2D7-AACE8B8FC326}.Debug|x64.Build.0 = Debug|x64
		{351CD9B5-5760-4847-A2D7-AACE8B8FC326}.Debug|x86.ActiveCfg = Debug|Win32
		{351CD9B5-5760-4847-A2D7-AACE8B8FC326}.Debug|x86.Build.0 = Debug|Win32
		{351CD9B5-5760-4847-A2D7-AACE8B8FC326}.Release|x64.ActiveCfg = Release|x64
		{351CD9B5-5760-4847-A2D7-AACE8B8FC326}.Release|x64.Build.0 = Release|x64
		{351CD9B5-5760-4847-A2D7-AACE8B8FC326}.Release|x86.ActiveCfg = Release|Win32
		{351CD9B5-5760-4847-A2D7-AACE8B8FC326}.Release|x86.Build.0 = Release|Win32
		{3907C87D-EB69-4BC4-8758-FDE9C3C6E963}.Debug|x64.ActiveCfg = Debug|x64
		{3907C87D-EB69-4BC4-8758-FDE9C3C6E963}.Debug|x64.Build.0 = Debug|x64
		{3907C87D-EB69-4BC4-8758-FDE9C3C6E963}.Debug|x86.ActiveCfg = Debug|Win32
		{3907C87D-EB69-4BC4-8758-FDE9C3C6E963}.Debug|x86.Build.0 = Debug|Win32
		{3907C87D-EB69-4BC4-8758-FDE9C3C6E963}.Release|x64.ActiveCfg = Release|x64
		{3907C87D-EB69-4BC4-8758-FDE9C3C6E963}.Release|x64.Build.0 = Release|x64
		{3907C87D-EB69-4BC4-8758-FDE9C3C6E963}.Release|x86.ActiveCfg = Release|Win32
		{3907C87D-EB69-4BC4-8758-FDE9C3C6E963}.Release|x86.Build.0 = Release|Win32
		{05466E94-9E04-4B05-994C-D25B0B2F3976}.Debug|x64.ActiveCfg = Debug|x64
		{05466E94-9E04-4B05-994C-D25B0B2F3976}.Debug|x64.Build.0 = Debug|x64
		{05466E94-9E04-4B05-994C-D25B0B2F3976}.Debug|x86.ActiveCfg = Debug|Win32
		{05466E94-9E04-4B05-994C-D25B0B2F3976}.Debug|x86.Build.0 = Debug|Win32
		{05466E94-9E04-4B05-994C-D25B0B2F3976}.Release|x64.ActiveCfg = Release|x64
		{05466E94-9E04-4B05-994C-D25B0B2F3976}.Release|x64.Build.0 = Release|x64
		{05466E94-9E04-4B05-994C-D25B0B2F3976}.Release|x86.ActiveCfg = Release|Win32
		{05466E94-9E04-4B05-994C-D25B0B2F3976}.Release|x86.Build.0 = Release|Win32
	EndGlobalSection
	GlobalSection(SolutionProperties) = preSolution
		HideSolutionNode = FALSE
	EndGlobalSection
	GlobalSection(ExtensibilityGlobals) = postSolution
		SolutionGuid = {0613910E-8FFB-4870-9A8E-234BB8D24F5D}
	EndGlobalSection
EndGlobal
