
Microsoft Visual Studio Solution File, Format Version 12.00
# Visual Studio Version 17
VisualStudioVersion = 17.1.32407.343
MinimumVisualStudioVersion = 10.0.40219.1
Project("{FAE04EC0-301F-11D3-BF4B-00C04F79EFBC}") = "n3_PracticalTask4", "n3_PracticalTask4.csproj", "{AE1B9C22-8A76-4150-B775-BF5E4307EAFC}"
EndProject
Global
	GlobalSection(SolutionConfigurationPlatforms) = preSolution
		Debug|Any CPU = Debug|Any CPU
		Release|Any CPU = Release|Any CPU
	EndGlobalSection
	GlobalSection(ProjectConfigurationPlatforms) = postSolution
		{AE1B9C22-8A76-4150-B775-BF5E4307EAFC}.Debug|Any CPU.ActiveCfg = Debug|Any CPU
		{AE1B9C22-8A76-4150-B775-BF5E4307EAFC}.Debug|Any CPU.Build.0 = Debug|Any CPU
		{AE1B9C22-8A76-4150-B775-BF5E4307EAFC}.Release|Any CPU.ActiveCfg = Release|Any CPU
		{AE1B9C22-8A76-4150-B775-BF5E4307EAFC}.Release|Any CPU.Build.0 = Release|Any CPU
	EndGlobalSection
	GlobalSection(SolutionProperties) = preSolution
		HideSolutionNode = FALSE
	EndGlobalSection
	GlobalSection(ExtensibilityGlobals) = postSolution
		SolutionGuid = {984F7D42-56E9-4E30-A9DC-E427AB0DFD9E}
	EndGlobalSection
EndGlobal
