
Microsoft Visual Studio Solution File, Format Version 12.00
# Visual Studio Version 17
VisualStudioVersion = 17.1.32407.343
MinimumVisualStudioVersion = 10.0.40219.1
Project("{FAE04EC0-301F-11D3-BF4B-00C04F79EFBC}") = "n8_Double-glazedWindow", "n8_Double-glazedWindow.csproj", "{5FC74210-D242-4828-86EA-99C1C135B092}"
EndProject
Global
	GlobalSection(SolutionConfigurationPlatforms) = preSolution
		Debug|Any CPU = Debug|Any CPU
		Release|Any CPU = Release|Any CPU
	EndGlobalSection
	GlobalSection(ProjectConfigurationPlatforms) = postSolution
		{5FC74210-D242-4828-86EA-99C1C135B092}.Debug|Any CPU.ActiveCfg = Debug|Any CPU
		{5FC74210-D242-4828-86EA-99C1C135B092}.Debug|Any CPU.Build.0 = Debug|Any CPU
		{5FC74210-D242-4828-86EA-99C1C135B092}.Release|Any CPU.ActiveCfg = Release|Any CPU
		{5FC74210-D242-4828-86EA-99C1C135B092}.Release|Any CPU.Build.0 = Release|Any CPU
	EndGlobalSection
	GlobalSection(SolutionProperties) = preSolution
		HideSolutionNode = FALSE
	EndGlobalSection
	GlobalSection(ExtensibilityGlobals) = postSolution
		SolutionGuid = {1A9A8BCD-F415-4E85-9F7D-53839247B86E}
	EndGlobalSection
EndGlobal
